
Microsoft Visual Studio Solution File, Format Version 12.00
# Visual Studio Version 17
VisualStudioVersion = 17.1.32210.238
MinimumVisualStudioVersion = 10.0.40219.1
Project("{FAE04EC0-301F-11D3-BF4B-00C04F79EFBC}") = "msqProject", "msqProject.csproj", "{ED9608C2-48F7-400A-B284-8BD4BD7A4637}"
EndProject
Project("{FAE04EC0-301F-11D3-BF4B-00C04F79EFBC}") = "Batabase", "..\Batabase\Batabase.csproj", "{D41CC07F-A902-4C6A-9707-6A6D8DC8BEAC}"
EndProject
Global
	GlobalSection(SolutionConfigurationPlatforms) = preSolution
		Debug|Any CPU = Debug|Any CPU
		Release|Any CPU = Release|Any CPU
	EndGlobalSection
	GlobalSection(ProjectConfigurationPlatforms) = postSolution
		{ED9608C2-48F7-400A-B284-8BD4BD7A4637}.Debug|Any CPU.ActiveCfg = Debug|Any CPU
		{ED9608C2-48F7-400A-B284-8BD4BD7A4637}.Debug|Any CPU.Build.0 = Debug|Any CPU
		{ED9608C2-48F7-400A-B284-8BD4BD7A4637}.Release|Any CPU.ActiveCfg = Release|Any CPU
		{ED9608C2-48F7-400A-B284-8BD4BD7A4637}.Release|Any CPU.Build.0 = Release|Any CPU
		{D41CC07F-A902-4C6A-9707-6A6D8DC8BEAC}.Debug|Any CPU.ActiveCfg = Debug|Any CPU
		{D41CC07F-A902-4C6A-9707-6A6D8DC8BEAC}.Debug|Any CPU.Build.0 = Debug|Any CPU
		{D41CC07F-A902-4C6A-9707-6A6D8DC8BEAC}.Release|Any CPU.ActiveCfg = Release|Any CPU
		{D41CC07F-A902-4C6A-9707-6A6D8DC8BEAC}.Release|Any CPU.Build.0 = Release|Any CPU
	EndGlobalSection
	GlobalSection(SolutionProperties) = preSolution
		HideSolutionNode = FALSE
	EndGlobalSection
	GlobalSection(ExtensibilityGlobals) = postSolution
		SolutionGuid = {166944B8-2D4E-4015-AB29-26B75EB6A081}
	EndGlobalSection
EndGlobal
